
Microsoft Visual Studio Solution File, Format Version 12.00
# Visual Studio Version 17
VisualStudioVersion = 17.2.32616.157
MinimumVisualStudioVersion = 10.0.40219.1
Project("{888888A0-9F3D-457C-B088-3A5042F75D52}") = "FoodWay", "FoodWay\FoodWay.pyproj", "{6948E92A-AB83-4FEB-9507-93629E112C48}"
EndProject
Global
	GlobalSection(SolutionConfigurationPlatforms) = preSolution
		Debug|Any CPU = Debug|Any CPU
		Release|Any CPU = Release|Any CPU
	EndGlobalSection
	GlobalSection(ProjectConfigurationPlatforms) = postSolution
		{6948E92A-AB83-4FEB-9507-93629E112C48}.Debug|Any CPU.ActiveCfg = Debug|Any CPU
		{6948E92A-AB83-4FEB-9507-93629E112C48}.Debug|Any CPU.Build.0 = Debug|Any CPU
		{6948E92A-AB83-4FEB-9507-93629E112C48}.Release|Any CPU.ActiveCfg = Release|Any CPU
		{6948E92A-AB83-4FEB-9507-93629E112C48}.Release|Any CPU.Build.0 = Release|Any CPU
	EndGlobalSection
	GlobalSection(SolutionProperties) = preSolution
		HideSolutionNode = FALSE
	EndGlobalSection
	GlobalSection(ExtensibilityGlobals) = postSolution
		SolutionGuid = {14536BD5-700E-4805-8A79-C7622B251C6F}
	EndGlobalSection
EndGlobal
